{
  "requires": true,
  "lockfileVersion": 1,
  "dependencies": {
    "ansicolors": {
      "version": "0.2.1",
      "resolved": "https://registry.npmjs.org/ansicolors/-/ansicolors-0.2.1.tgz",
      "integrity": "sha1-vgiVmQl7dKXJxKhKDNvNtivYeu8="
    },
    "base64-js": {
      "version": "0.0.2",
      "resolved": "https://registry.npmjs.org/base64-js/-/base64-js-0.0.2.tgz",
      "integrity": "sha1-Ak8Pcq+iW3X5wO5zzU9V7Bvtl4Q="
    },
    "bops": {
      "version": "0.0.6",
      "resolved": "https://registry.npmjs.org/bops/-/bops-0.0.6.tgz",
      "integrity": "sha1-CC0dVfoB5g29wuvC26N/ZZVUzzo=",
      "requires": {
        "base64-js": "0.0.2",
        "to-utf8": "0.0.1"
      }
    },
    "cardinal": {
      "version": "0.4.4",
      "resolved": "https://registry.npmjs.org/cardinal/-/cardinal-0.4.4.tgz",
      "integrity": "sha1-ylu2iltRG5D+k7ms6km97lwyv+I=",
      "requires": {
        "ansicolors": "0.2.1",
        "redeyed": "0.4.4"
      }
    },
    "commander": {
      "version": "2.14.1",
      "resolved": "https://registry.npmjs.org/commander/-/commander-2.14.1.tgz",
      "integrity": "sha512-+YR16o3rK53SmWHU3rEM3tPAh2rwb1yPcQX5irVn7mb0gXbwuCCrnkbV5+PBfETdfg1vui07nM6PCG1zndcjQw=="
    },
    "concat-stream": {
      "version": "1.2.1",
      "resolved": "https://registry.npmjs.org/concat-stream/-/concat-stream-1.2.1.tgz",
      "integrity": "sha1-81EAtsRjeL+6i2uA+fDQzN8T3GA=",
      "requires": {
        "bops": "0.0.6"
      }
    },
    "core-util-is": {
      "version": "1.0.2",
      "resolved": "https://registry.npmjs.org/core-util-is/-/core-util-is-1.0.2.tgz",
      "integrity": "sha1-tf1UIgqivFq1eqtxQMlAdUUDwac="
    },
    "esprima": {
      "version": "1.0.4",
      "resolved": "https://registry.npmjs.org/esprima/-/esprima-1.0.4.tgz",
      "integrity": "sha1-n1V+CPw7TSbs6d00+Pv0drYlha0="
    },
    "expect.js": {
      "version": "0.2.0",
      "resolved": "https://registry.npmjs.org/expect.js/-/expect.js-0.2.0.tgz",
      "integrity": "sha1-EChTPSwcNj90pnlv9X7AUg3tK+E="
    },
    "geojson": {
      "version": "0.2.0",
      "resolved": "https://registry.npmjs.org/geojson/-/geojson-0.2.0.tgz",
      "integrity": "sha1-5roUJRv9V8aM1W7HqpuaOIZKq9s="
    },
    "geojson-equality": {
      "version": "0.0.0",
      "resolved": "https://registry.npmjs.org/geojson-equality/-/geojson-equality-0.0.0.tgz",
      "integrity": "sha1-0mSxPxCnJyMPMqsWtaLTIOFPYjc="
    },
    "geojson-flatten": {
      "version": "0.1.0",
      "resolved": "https://registry.npmjs.org/geojson-flatten/-/geojson-flatten-0.1.0.tgz",
      "integrity": "sha1-wcb5a7tXExFMmxSgtLqA9H5GIss=",
      "requires": {
        "concat-stream": "1.2.1",
        "minimist": "0.0.5",
        "sharkdown": "0.1.0"
      }
    },
    "geojson-multiply": {
      "version": "1.0.3",
      "resolved": "https://registry.npmjs.org/geojson-multiply/-/geojson-multiply-1.0.3.tgz",
      "integrity": "sha1-LerYtONkNJNG3+4Z1pAMsGMg+uI="
    },
    "geojson-precision": {
      "version": "0.2.3",
      "resolved": "https://registry.npmjs.org/geojson-precision/-/geojson-precision-0.2.3.tgz",
      "integrity": "sha1-Jz73BS1QQRmJ+1UpRdijYh9ATdI=",
      "requires": {
        "commander": "2.14.1"
      }
    },
    "geojson-utils": {
      "version": "1.1.0",
      "resolved": "https://registry.npmjs.org/geojson-utils/-/geojson-utils-1.1.0.tgz",
      "integrity": "sha1-6P+0yBwKdbPjBvUYcmXW8jBA9Qs="
    },
    "geojson.lib": {
      "version": "0.0.11",
      "resolved": "https://registry.npmjs.org/geojson.lib/-/geojson.lib-0.0.11.tgz",
      "integrity": "sha1-PMsH71RcGeszQZ4+Ovtxk/dQ0WU=",
      "requires": {
        "geojson": "0.2.0",
        "geojson-equality": "0.0.0",
        "geojson-flatten": "0.1.0",
        "geojson-multiply": "1.0.3",
        "geojson-precision": "0.2.3",
        "geojson-utils": "1.1.0",
        "ngeohash": "0.6.0",
        "terraformer-wkt-parser": "1.0.0",
        "togeojson": "0.8.0"
      }
    },
    "geojson.lib.routeboxer": {
      "version": "0.0.6",
      "resolved": "https://registry.npmjs.org/geojson.lib.routeboxer/-/geojson.lib.routeboxer-0.0.6.tgz",
      "integrity": "sha1-McDMZ7ImztALDiEA9tg+oGNCoKo=",
      "requires": {
        "geojson.lib": "0.0.11"
      }
    },
    "inherits": {
      "version": "2.0.3",
      "resolved": "https://registry.npmjs.org/inherits/-/inherits-2.0.3.tgz",
      "integrity": "sha1-Yzwsg+PaQqUC9SRmAiSA9CCCYd4="
    },
    "isarray": {
      "version": "0.0.1",
      "resolved": "https://registry.npmjs.org/isarray/-/isarray-0.0.1.tgz",
      "integrity": "sha1-ihis/Kmo9Bd+Cav8YDiTmwXR7t8="
    },
    "minimist": {
      "version": "0.0.5",
      "resolved": "https://registry.npmjs.org/minimist/-/minimist-0.0.5.tgz",
      "integrity": "sha1-16oye87PUY+RBqxrjwA/o7zqhWY="
    },
    "ngeohash": {
      "version": "0.6.0",
      "resolved": "https://registry.npmjs.org/ngeohash/-/ngeohash-0.6.0.tgz",
      "integrity": "sha1-MpcT6ec9HxpG2SqrC5StuUUz9oc="
    },
    "readable-stream": {
      "version": "1.1.14",
      "resolved": "https://registry.npmjs.org/readable-stream/-/readable-stream-1.1.14.tgz",
      "integrity": "sha1-fPTFTvZI44EwhMY23SB54WbAgdk=",
      "requires": {
        "core-util-is": "1.0.2",
        "inherits": "2.0.3",
        "isarray": "0.0.1",
        "string_decoder": "0.10.31"
      }
    },
    "redeyed": {
      "version": "0.4.4",
      "resolved": "https://registry.npmjs.org/redeyed/-/redeyed-0.4.4.tgz",
      "integrity": "sha1-N+mQpvKyGyoRwuakj9QTVpjLqX8=",
      "requires": {
        "esprima": "1.0.4"
      }
    },
    "sharkdown": {
      "version": "0.1.0",
      "resolved": "https://registry.npmjs.org/sharkdown/-/sharkdown-0.1.0.tgz",
      "integrity": "sha1-YdT+Up510CRCEnzJI0NiJlCZIU8=",
      "requires": {
        "cardinal": "0.4.4",
        "expect.js": "0.2.0",
        "minimist": "0.0.5",
        "split": "0.2.10",
        "stream-spigot": "2.1.2",
        "through": "2.3.8"
      }
    },
    "split": {
      "version": "0.2.10",
      "resolved": "https://registry.npmjs.org/split/-/split-0.2.10.tgz",
      "integrity": "sha1-Zwl8YB1pfOE2j0GPBs0gHPBSGlc=",
      "requires": {
        "through": "2.3.8"
      }
    },
    "stream-spigot": {
      "version": "2.1.2",
      "resolved": "https://registry.npmjs.org/stream-spigot/-/stream-spigot-2.1.2.tgz",
      "integrity": "sha1-feFF6Bn43Q20UJDRPc9zqO08wDU=",
      "requires": {
        "readable-stream": "1.1.14"
      }
    },
    "string_decoder": {
      "version": "0.10.31",
      "resolved": "https://registry.npmjs.org/string_decoder/-/string_decoder-0.10.31.tgz",
      "integrity": "sha1-YuIDvEF2bGwoyfyEMB2rHFMQ+pQ="
    },
    "terraformer": {
      "version": "0.1.7",
      "resolved": "https://registry.npmjs.org/terraformer/-/terraformer-0.1.7.tgz",
      "integrity": "sha1-N8oxx49pda/YI/eB8tmNHd9trLA="
    },
    "terraformer-wkt-parser": {
      "version": "1.0.0",
      "resolved": "https://registry.npmjs.org/terraformer-wkt-parser/-/terraformer-wkt-parser-1.0.0.tgz",
      "integrity": "sha1-kmaZnQXwsPOSl4PyDd8O6b83MMQ=",
      "requires": {
        "terraformer": "0.1.7"
      }
    },
    "through": {
      "version": "2.3.8",
      "resolved": "https://registry.npmjs.org/through/-/through-2.3.8.tgz",
      "integrity": "sha1-DdTJ/6q8NXlgsbckEV1+Doai4fU="
    },
    "to-utf8": {
      "version": "0.0.1",
      "resolved": "https://registry.npmjs.org/to-utf8/-/to-utf8-0.0.1.tgz",
      "integrity": "sha1-0Xrqcv8vujm55DYBvns/9y4ImFI="
    },
    "togeojson": {
      "version": "0.8.0",
      "resolved": "https://registry.npmjs.org/togeojson/-/togeojson-0.8.0.tgz",
      "integrity": "sha1-SJOq5UowGTcr6+Eu/fbqqAMw22s=",
      "requires": {
        "concat-stream": "1.4.10",
        "minimist": "0.0.8",
        "xmldom": "0.1.27"
      },
      "dependencies": {
        "concat-stream": {
          "version": "1.4.10",
          "resolved": "https://registry.npmjs.org/concat-stream/-/concat-stream-1.4.10.tgz",
          "integrity": "sha1-rMO79WAsuMyYDGrIQPp9hgPj7zY=",
          "requires": {
            "inherits": "2.0.3",
            "readable-stream": "1.1.14",
            "typedarray": "0.0.6"
          }
        },
        "minimist": {
          "version": "0.0.8",
          "resolved": "https://registry.npmjs.org/minimist/-/minimist-0.0.8.tgz",
          "integrity": "sha1-hX/Kv8M5fSYluCKCYuhqp6ARsF0="
        }
      }
    },
    "typedarray": {
      "version": "0.0.6",
      "resolved": "https://registry.npmjs.org/typedarray/-/typedarray-0.0.6.tgz",
      "integrity": "sha1-hnrHTjhkGHsdPUfZlqeOxciDB3c="
    },
    "xmldom": {
      "version": "0.1.27",
      "resolved": "https://registry.npmjs.org/xmldom/-/xmldom-0.1.27.tgz",
      "integrity": "sha1-1QH5ezvbQDr4757MIFcxh6rawOk="
    }
  }
}
